{
  "requires": true,
  "lockfileVersion": 1,
  "dependencies": {
    "file-type": {
      "version": "7.6.0",
      "resolved": "https://registry.npmjs.org/file-type/-/file-type-7.6.0.tgz",
      "integrity": "sha512-EAogdjMKf0PEU26Wk+N/Qkg8JXpMRo9t70dg7+t9QvcYUZb/XfA66Hdt15g4xRdam4wgiQsg/qycKUIuZQDJog=="
    },
    "uuid": {
      "version": "3.2.1",
      "resolved": "https://registry.npmjs.org/uuid/-/uuid-3.2.1.tgz",
      "integrity": "sha1-EsUou51Y0LkmXZovbw/ovhf/HxQ="
    }
  }
}
